// !$*UTF8*$!
{
	archiveVersion = 1;
	classes = {
	};
	objectVersion = 48;
	objects = {

/* Begin PBXBuildFile section */
		74813DD51F1FA75000404C24 /* AppDelegate.swift in Sources */ = {isa = PBXBuildFile; fileRef = 74813DD41F1FA75000404C24 /* AppDelegate.swift */; };
		74813DD71F1FA75000404C24 /* ViewController.swift in Sources */ = {isa = PBXBuildFile; fileRef = 74813DD61F1FA75000404C24 /* ViewController.swift */; };
		74813DDA1F1FA75000404C24 /* Main.storyboard in Resources */ = {isa = PBXBuildFile; fileRef = 74813DD81F1FA75000404C24 /* Main.storyboard */; };
		74813DDC1F1FA75000404C24 /* Assets.xcassets in Resources */ = {isa = PBXBuildFile; fileRef = 74813DDB1F1FA75000404C24 /* Assets.xcassets */; };
		74813DDF1F1FA75000404C24 /* LaunchScreen.storyboard in Resources */ = {isa = PBXBuildFile; fileRef = 74813DDD1F1FA75000404C24 /* LaunchScreen.storyboard */; };
		74813DEA1F1FA75000404C24 /* Shortest_PathTests.swift in Sources */ = {isa = PBXBuildFile; fileRef = 74813DE91F1FA75000404C24 /* Shortest_PathTests.swift */; };
		74813DF51F1FA7F000404C24 /* NodeTest.swift in Sources */ = {isa = PBXBuildFile; fileRef = 74813DF41F1FA7F000404C24 /* NodeTest.swift */; };
		74813DF71F1FA95000404C24 /* Node.swift in Sources */ = {isa = PBXBuildFile; fileRef = 74813DF61F1FA95000404C24 /* Node.swift */; };
/* End PBXBuildFile section */

/* Begin PBXContainerItemProxy section */
		74813DE61F1FA75000404C24 /* PBXContainerItemProxy */ = {
			isa = PBXContainerItemProxy;
			containerPortal = 74813DC91F1FA75000404C24 /* Project object */;
			proxyType = 1;
			remoteGlobalIDString = 74813DD01F1FA75000404C24;
			remoteInfo = "Shortest Path";
		};
/* End PBXContainerItemProxy section */

/* Begin PBXFileReference section */
		74813DD11F1FA75000404C24 /* Shortest Path.app */ = {isa = PBXFileReference; explicitFileType = wrapper.application; includeInIndex = 0; path = "Shortest Path.app"; sourceTree = BUILT_PRODUCTS_DIR; };
		74813DD41F1FA75000404C24 /* AppDelegate.swift */ = {isa = PBXFileReference; lastKnownFileType = sourcecode.swift; path = AppDelegate.swift; sourceTree = "<group>"; };
		74813DD61F1FA75000404C24 /* ViewController.swift */ = {isa = PBXFileReference; lastKnownFileType = sourcecode.swift; path = ViewController.swift; sourceTree = "<group>"; };
		74813DD91F1FA75000404C24 /* Base */ = {isa = PBXFileReference; lastKnownFileType = file.storyboard; name = Base; path = Base.lproj/Main.storyboard; sourceTree = "<group>"; };
		74813DDB1F1FA75000404C24 /* Assets.xcassets */ = {isa = PBXFileReference; lastKnownFileType = folder.assetcatalog; path = Assets.xcassets; sourceTree = "<group>"; };
		74813DDE1F1FA75000404C24 /* Base */ = {isa = PBXFileReference; lastKnownFileType = file.storyboard; name = Base; path = Base.lproj/LaunchScreen.storyboard; sourceTree = "<group>"; };
		74813DE01F1FA75000404C24 /* Info.plist */ = {isa = PBXFileReference; lastKnownFileType = text.plist.xml; path = Info.plist; sourceTree = "<group>"; };
		74813DE51F1FA75000404C24 /* Shortest PathTests.xctest */ = {isa = PBXFileReference; explicitFileType = wrapper.cfbundle; includeInIndex = 0; path = "Shortest PathTests.xctest"; sourceTree = BUILT_PRODUCTS_DIR; };
		74813DE91F1FA75000404C24 /* Shortest_PathTests.swift */ = {isa = PBXFileReference; lastKnownFileType = sourcecode.swift; path = Shortest_PathTests.swift; sourceTree = "<group>"; };
		74813DEB1F1FA75000404C24 /* Info.plist */ = {isa = PBXFileReference; lastKnownFileType = text.plist.xml; path = Info.plist; sourceTree = "<group>"; };
		74813DF41F1FA7F000404C24 /* NodeTest.swift */ = {isa = PBXFileReference; lastKnownFileType = sourcecode.swift; path = NodeTest.swift; sourceTree = "<group>"; };
		74813DF61F1FA95000404C24 /* Node.swift */ = {isa = PBXFileReference; lastKnownFileType = sourcecode.swift; path = Node.swift; sourceTree = "<group>"; };
/* End PBXFileReference section */

/* Begin PBXFrameworksBuildPhase section */
		74813DCE1F1FA75000404C24 /* Frameworks */ = {
			isa = PBXFrameworksBuildPhase;
			buildActionMask = 2147483647;
			files = (
			);
			runOnlyForDeploymentPostprocessing = 0;
		};
		74813DE21F1FA75000404C24 /* Frameworks */ = {
			isa = PBXFrameworksBuildPhase;
			buildActionMask = 2147483647;
			files = (
			);
			runOnlyForDeploymentPostprocessing = 0;
		};
/* End PBXFrameworksBuildPhase section */

/* Begin PBXGroup section */
		74813DC81F1FA75000404C24 = {
			isa = PBXGroup;
			children = (
				74813DD31F1FA75000404C24 /* Shortest Path */,
				74813DE81F1FA75000404C24 /* Shortest PathTests */,
				74813DD21F1FA75000404C24 /* Products */,
			);
			sourceTree = "<group>";
		};
		74813DD21F1FA75000404C24 /* Products */ = {
			isa = PBXGroup;
			children = (
				74813DD11F1FA75000404C24 /* Shortest Path.app */,
				74813DE51F1FA75000404C24 /* Shortest PathTests.xctest */,
			);
			name = Products;
			sourceTree = "<group>";
		};
		74813DD31F1FA75000404C24 /* Shortest Path */ = {
			isa = PBXGroup;
			children = (
				74813DD41F1FA75000404C24 /* AppDelegate.swift */,
				74813DD61F1FA75000404C24 /* ViewController.swift */,
				74813DD81F1FA75000404C24 /* Main.storyboard */,
				74813DDB1F1FA75000404C24 /* Assets.xcassets */,
				74813DDD1F1FA75000404C24 /* LaunchScreen.storyboard */,
				74813DE01F1FA75000404C24 /* Info.plist */,
				74813DF61F1FA95000404C24 /* Node.swift */,
			);
			path = "Shortest Path";
			sourceTree = "<group>";
		};
		74813DE81F1FA75000404C24 /* Shortest PathTests */ = {
			isa = PBXGroup;
			children = (
				74813DF41F1FA7F000404C24 /* NodeTest.swift */,
				74813DE91F1FA75000404C24 /* Shortest_PathTests.swift */,
				74813DEB1F1FA75000404C24 /* Info.plist */,
			);
			path = "Shortest PathTests";
			sourceTree = "<group>";
		};
/* End PBXGroup section */

/* Begin PBXNativeTarget section */
		74813DD01F1FA75000404C24 /* Shortest Path */ = {
			isa = PBXNativeTarget;
			buildConfigurationList = 74813DEE1F1FA75000404C24 /* Build configuration list for PBXNativeTarget "Shortest Path" */;
			buildPhases = (
				74813DCD1F1FA75000404C24 /* Sources */,
				74813DCE1F1FA75000404C24 /* Frameworks */,
				74813DCF1F1FA75000404C24 /* Resources */,
			);
			buildRules = (
			);
			dependencies = (
			);
			name = "Shortest Path";
			productName = "Shortest Path";
			productReference = 74813DD11F1FA75000404C24 /* Shortest Path.app */;
			productType = "com.apple.product-type.application";
		};
		74813DE41F1FA75000404C24 /* Shortest PathTests */ = {
			isa = PBXNativeTarget;
			buildConfigurationList = 74813DF11F1FA75000404C24 /* Build configuration list for PBXNativeTarget "Shortest PathTests" */;
			buildPhases = (
				74813DE11F1FA75000404C24 /* Sources */,
				74813DE21F1FA75000404C24 /* Frameworks */,
				74813DE31F1FA75000404C24 /* Resources */,
			);
			buildRules = (
			);
			dependencies = (
				74813DE71F1FA75000404C24 /* PBXTargetDependency */,
			);
			name = "Shortest PathTests";
			productName = "Shortest PathTests";
			productReference = 74813DE51F1FA75000404C24 /* Shortest PathTests.xctest */;
			productType = "com.apple.product-type.bundle.unit-test";
		};
/* End PBXNativeTarget section */

/* Begin PBXProject section */
		74813DC91F1FA75000404C24 /* Project object */ = {
			isa = PBXProject;
			attributes = {
				LastSwiftUpdateCheck = 0900;
				LastUpgradeCheck = 0900;
				ORGANIZATIONNAME = TNTStudios;
				TargetAttributes = {
					74813DD01F1FA75000404C24 = {
						CreatedOnToolsVersion = 9.0;
					};
					74813DE41F1FA75000404C24 = {
						CreatedOnToolsVersion = 9.0;
						TestTargetID = 74813DD01F1FA75000404C24;
					};
				};
			};
			buildConfigurationList = 74813DCC1F1FA75000404C24 /* Build configuration list for PBXProject "Shortest Path" */;
			compatibilityVersion = "Xcode 8.0";
			developmentRegion = en;
			hasScannedForEncodings = 0;
			knownRegions = (
				en,
				Base,
			);
			mainGroup = 74813DC81F1FA75000404C24;
			productRefGroup = 74813DD21F1FA75000404C24 /* Products */;
			projectDirPath = "";
			projectRoot = "";
			targets = (
				74813DD01F1FA75000404C24 /* Shortest Path */,
				74813DE41F1FA75000404C24 /* Shortest PathTests */,
			);
		};
/* End PBXProject section */

/* Begin PBXResourcesBuildPhase section */
		74813DCF1F1FA75000404C24 /* Resources */ = {
			isa = PBXResourcesBuildPhase;
			buildActionMask = 2147483647;
			files = (
				74813DDF1F1FA75000404C24 /* LaunchScreen.storyboard in Resources */,
				74813DDC1F1FA75000404C24 /* Assets.xcassets in Resources */,
				74813DDA1F1FA75000404C24 /* Main.storyboard in Resources */,
			);
			runOnlyForDeploymentPostprocessing = 0;
		};
		74813DE31F1FA75000404C24 /* Resources */ = {
			isa = PBXResourcesBuildPhase;
			buildActionMask = 2147483647;
			files = (
			);
			runOnlyForDeploymentPostprocessing = 0;
		};
/* End PBXResourcesBuildPhase section */

/* Begin PBXSourcesBuildPhase section */
		74813DCD1F1FA75000404C24 /* Sources */ = {
			isa = PBXSourcesBuildPhase;
			buildActionMask = 2147483647;
			files = (
				74813DF71F1FA95000404C24 /* Node.swift in Sources */,
				74813DD71F1FA75000404C24 /* ViewController.swift in Sources */,
				74813DD51F1FA75000404C24 /* AppDelegate.swift in Sources */,
			);
			runOnlyForDeploymentPostprocessing = 0;
		};
		74813DE11F1FA75000404C24 /* Sources */ = {
			isa = PBXSourcesBuildPhase;
			buildActionMask = 2147483647;
			files = (
				74813DEA1F1FA75000404C24 /* Shortest_PathTests.swift in Sources */,
				74813DF51F1FA7F000404C24 /* NodeTest.swift in Sources */,
			);
			runOnlyForDeploymentPostprocessing = 0;
		};
/* End PBXSourcesBuildPhase section */

/* Begin PBXTargetDependency section */
		74813DE71F1FA75000404C24 /* PBXTargetDependency */ = {
			isa = PBXTargetDependency;
			target = 74813DD01F1FA75000404C24 /* Shortest Path */;
			targetProxy = 74813DE61F1FA75000404C24 /* PBXContainerItemProxy */;
		};
/* End PBXTargetDependency section */

/* Begin PBXVariantGroup section */
		74813DD81F1FA75000404C24 /* Main.storyboard */ = {
			isa = PBXVariantGroup;
			children = (
				74813DD91F1FA75000404C24 /* Base */,
			);
			name = Main.storyboard;
			sourceTree = "<group>";
		};
		74813DDD1F1FA75000404C24 /* LaunchScreen.storyboard */ = {
			isa = PBXVariantGroup;
			children = (
				74813DDE1F1FA75000404C24 /* Base */,
			);
			name = LaunchScreen.storyboard;
			sourceTree = "<group>";
		};
/* End PBXVariantGroup section */

/* Begin XCBuildConfiguration section */
		74813DEC1F1FA75000404C24 /* Debug */ = {
			isa = XCBuildConfiguration;
			buildSettings = {
				ALWAYS_SEARCH_USER_PATHS = NO;
				CLANG_ANALYZER_NONNULL = YES;
				CLANG_ANALYZER_NUMBER_OBJECT_CONVERSION = YES_AGGRESSIVE;
				CLANG_CXX_LANGUAGE_STANDARD = "gnu++14";
				CLANG_CXX_LIBRARY = "libc++";
				CLANG_ENABLE_MODULES = YES;
				CLANG_ENABLE_OBJC_ARC = YES;
				CLANG_WARN_BLOCK_CAPTURE_AUTORELEASING = YES;
				CLANG_WARN_BOOL_CONVERSION = YES;
				CLANG_WARN_COMMA = YES;
				CLANG_WARN_CONSTANT_CONVERSION = YES;
				CLANG_WARN_DIRECT_OBJC_ISA_USAGE = YES_ERROR;
				CLANG_WARN_DOCUMENTATION_COMMENTS = YES;
				CLANG_WARN_EMPTY_BODY = YES;
				CLANG_WARN_ENUM_CONVERSION = YES;
				CLANG_WARN_INFINITE_RECURSION = YES;
				CLANG_WARN_INT_CONVERSION = YES;
				CLANG_WARN_NON_LITERAL_NULL_CONVERSION = YES;
				CLANG_WARN_OBJC_LITERAL_CONVERSION = YES;
				CLANG_WARN_OBJC_ROOT_CLASS = YES_ERROR;
				CLANG_WARN_RANGE_LOOP_ANALYSIS = YES;
				CLANG_WARN_STRICT_PROTOTYPES = YES;
				CLANG_WARN_SUSPICIOUS_MOVE = YES;
				CLANG_WARN_UNGUARDED_AVAILABILITY = YES_AGGRESSIVE;
				CLANG_WARN_UNREACHABLE_CODE = YES;
				CLANG_WARN__DUPLICATE_METHOD_MATCH = YES;
				CODE_SIGN_IDENTITY = "iPhone Developer";
				COPY_PHASE_STRIP = NO;
				DEBUG_INFORMATION_FORMAT = dwarf;
				ENABLE_STRICT_OBJC_MSGSEND = YES;
				ENABLE_TESTABILITY = YES;
				GCC_C_LANGUAGE_STANDARD = gnu11;
				GCC_DYNAMIC_NO_PIC = NO;
				GCC_NO_COMMON_BLOCKS = YES;
				GCC_OPTIMIZATION_LEVEL = 0;
				GCC_PREPROCESSOR_DEFINITIONS = (
					"DEBUG=1",
					"$(inherited)",
				);
				GCC_WARN_64_TO_32_BIT_CONVERSION = YES;
				GCC_WARN_ABOUT_RETURN_TYPE = YES_ERROR;
				GCC_WARN_UNDECLARED_SELECTOR = YES;
				GCC_WARN_UNINITIALIZED_AUTOS = YES_AGGRESSIVE;
				GCC_WARN_UNUSED_FUNCTION = YES;
				GCC_WARN_UNUSED_VARIABLE = YES;
				IPHONEOS_DEPLOYMENT_TARGET = 11.0;
				MTL_ENABLE_DEBUG_INFO = YES;
				ONLY_ACTIVE_ARCH = YES;
				SDKROOT = iphoneos;
				SWIFT_ACTIVE_COMPILATION_CONDITIONS = DEBUG;
				SWIFT_OPTIMIZATION_LEVEL = "-Onone";
			};
			name = Debug;
		};
		74813DED1F1FA75000404C24 /* Release */ = {
			isa = XCBuildConfiguration;
			buildSettings = {
				ALWAYS_SEARCH_USER_PATHS = NO;
				CLANG_ANALYZER_NONNULL = YES;
				CLANG_ANALYZER_NUMBER_OBJECT_CONVERSION = YES_AGGRESSIVE;
				CLANG_CXX_LANGUAGE_STANDARD = "gnu++14";
				CLANG_CXX_LIBRARY = "libc++";
				CLANG_ENABLE_MODULES = YES;
				CLANG_ENABLE_OBJC_ARC = YES;
				CLANG_WARN_BLOCK_CAPTURE_AUTORELEASING = YES;
				CLANG_WARN_BOOL_CONVERSION = YES;
				CLANG_WARN_COMMA = YES;
				CLANG_WARN_CONSTANT_CONVERSION = YES;
				CLANG_WARN_DIRECT_OBJC_ISA_USAGE = YES_ERROR;
				CLANG_WARN_DOCUMENTATION_COMMENTS = YES;
				CLANG_WARN_EMPTY_BODY = YES;
				CLANG_WARN_ENUM_CONVERSION = YES;
				CLANG_WARN_INFINITE_RECURSION = YES;
				CLANG_WARN_INT_CONVERSION = YES;
				CLANG_WARN_NON_LITERAL_NULL_CONVERSION = YES;
				CLANG_WARN_OBJC_LITERAL_CONVERSION = YES;
				CLANG_WARN_OBJC_ROOT_CLASS = YES_ERROR;
				CLANG_WARN_RANGE_LOOP_ANALYSIS = YES;
				CLANG_WARN_STRICT_PROTOTYPES = YES;
				CLANG_WARN_SUSPICIOUS_MOVE = YES;
				CLANG_WARN_UNGUARDED_AVAILABILITY = YES_AGGRESSIVE;
				CLANG_WARN_UNREACHABLE_CODE = YES;
				CLANG_WARN__DUPLICATE_METHOD_MATCH = YES;
				CODE_SIGN_IDENTITY = "iPhone Developer";
				COPY_PHASE_STRIP = NO;
				DEBUG_INFORMATION_FORMAT = "dwarf-with-dsym";
				ENABLE_NS_ASSERTIONS = NO;
				ENABLE_STRICT_OBJC_MSGSEND = YES;
				GCC_C_LANGUAGE_STANDARD = gnu11;
				GCC_NO_COMMON_BLOCKS = YES;
				GCC_WARN_64_TO_32_BIT_CONVERSION = YES;
				GCC_WARN_ABOUT_RETURN_TYPE = YES_ERROR;
				GCC_WARN_UNDECLARED_SELECTOR = YES;
				GCC_WARN_UNINITIALIZED_AUTOS = YES_AGGRESSIVE;
				GCC_WARN_UNUSED_FUNCTION = YES;
				GCC_WARN_UNUSED_VARIABLE = YES;
				IPHONEOS_DEPLOYMENT_TARGET = 11.0;
				MTL_ENABLE_DEBUG_INFO = NO;
				SDKROOT = iphoneos;
				SWIFT_OPTIMIZATION_LEVEL = "-Owholemodule";
				VALIDATE_PRODUCT = YES;
			};
			name = Release;
		};
		74813DEF1F1FA75000404C24 /* Debug */ = {
			isa = XCBuildConfiguration;
			buildSettings = {
				ASSETCATALOG_COMPILER_APPICON_NAME = AppIcon;
				DEVELOPMENT_TEAM = MG2UCY5382;
				INFOPLIST_FILE = "Shortest Path/Info.plist";
				LD_RUNPATH_SEARCH_PATHS = "$(inherited) @executable_path/Frameworks";
				PRODUCT_BUNDLE_IDENTIFIER = "br.com.tntstudios.Shortest-Path";
				PRODUCT_NAME = "$(TARGET_NAME)";
				SWIFT_VERSION = 4.0;
				TARGETED_DEVICE_FAMILY = "1,2";
			};
			name = Debug;
		};
		74813DF01F1FA75000404C24 /* Release */ = {
			isa = XCBuildConfiguration;
			buildSettings = {
				ASSETCATALOG_COMPILER_APPICON_NAME = AppIcon;
				DEVELOPMENT_TEAM = MG2UCY5382;
				INFOPLIST_FILE = "Shortest Path/Info.plist";
				LD_RUNPATH_SEARCH_PATHS = "$(inherited) @executable_path/Frameworks";
				PRODUCT_BUNDLE_IDENTIFIER = "br.com.tntstudios.Shortest-Path";
				PRODUCT_NAME = "$(TARGET_NAME)";
				SWIFT_VERSION = 4.0;
				TARGETED_DEVICE_FAMILY = "1,2";
			};
			name = Release;
		};
		74813DF21F1FA75000404C24 /* Debug */ = {
			isa = XCBuildConfiguration;
			buildSettings = {
				ALWAYS_EMBED_SWIFT_STANDARD_LIBRARIES = YES;
				BUNDLE_LOADER = "$(TEST_HOST)";
				DEVELOPMENT_TEAM = MG2UCY5382;
				INFOPLIST_FILE = "Shortest PathTests/Info.plist";
				LD_RUNPATH_SEARCH_PATHS = "$(inherited) @executable_path/Frameworks @loader_path/Frameworks";
				PRODUCT_BUNDLE_IDENTIFIER = "br.com.tntstudios.Shortest-PathTests";
				PRODUCT_NAME = "$(TARGET_NAME)";
				SWIFT_VERSION = 4.0;
				TARGETED_DEVICE_FAMILY = "1,2";
				TEST_HOST = "$(BUILT_PRODUCTS_DIR)/Shortest Path.app/Shortest Path";
			};
			name = Debug;
		};
		74813DF31F1FA75000404C24 /* Release */ = {
			isa = XCBuildConfiguration;
			buildSettings = {
				ALWAYS_EMBED_SWIFT_STANDARD_LIBRARIES = YES;
				BUNDLE_LOADER = "$(TEST_HOST)";
				DEVELOPMENT_TEAM = MG2UCY5382;
				INFOPLIST_FILE = "Shortest PathTests/Info.plist";
				LD_RUNPATH_SEARCH_PATHS = "$(inherited) @executable_path/Frameworks @loader_path/Frameworks";
				PRODUCT_BUNDLE_IDENTIFIER = "br.com.tntstudios.Shortest-PathTests";
				PRODUCT_NAME = "$(TARGET_NAME)";
				SWIFT_VERSION = 4.0;
				TARGETED_DEVICE_FAMILY = "1,2";
				TEST_HOST = "$(BUILT_PRODUCTS_DIR)/Shortest Path.app/Shortest Path";
			};
			name = Release;
		};
/* End XCBuildConfiguration section */

/* Begin XCConfigurationList section */
		74813DCC1F1FA75000404C24 /* Build configuration list for PBXProject "Shortest Path" */ = {
			isa = XCConfigurationList;
			buildConfigurations = (
				74813DEC1F1FA75000404C24 /* Debug */,
				74813DED1F1FA75000404C24 /* Release */,
			);
			defaultConfigurationIsVisible = 0;
			defaultConfigurationName = Release;
		};
		74813DEE1F1FA75000404C24 /* Build configuration list for PBXNativeTarget "Shortest Path" */ = {
			isa = XCConfigurationList;
			buildConfigurations = (
				74813DEF1F1FA75000404C24 /* Debug */,
				74813DF01F1FA75000404C24 /* Release */,
			);
			defaultConfigurationIsVisible = 0;
		};
		74813DF11F1FA75000404C24 /* Build configuration list for PBXNativeTarget "Shortest PathTests" */ = {
			isa = XCConfigurationList;
			buildConfigurations = (
				74813DF21F1FA75000404C24 /* Debug */,
				74813DF31F1FA75000404C24 /* Release */,
			);
			defaultConfigurationIsVisible = 0;
		};
/* End XCConfigurationList section */
	};
	rootObject = 74813DC91F1FA75000404C24 /* Project object */;
}
